<Solution>
  <Project Path="MyArt.Business/MyArt.Business.csproj" Id="81c68498-97ec-46db-9a7d-6f191cb66f45" />
  <Project Path="MyArt.DataAccess/MyArt.DataAccess.csproj" Id="368b0e7c-fd67-47a9-9488-06950985cdc8" />
  <Project Path="MyArt.Models/MyArt.Models.csproj" Id="eb2a2123-d789-4f3d-a4e5-df05b2f225a3" />
  <Project Path="MyArt.Utility/MyArt.Utility.csproj" Id="3a23a45c-bbdf-493f-81fd-69a1e26a44f8" />
  <Project Path="MyArt.Web/MyArt.Web.csproj" />
</Solution>
